// !$*UTF8*$!
{
	archiveVersion = 1;
	classes = {
	};
	objectVersion = 56;
	objects = {

/* Begin PBXBuildFile section */
		C105AB222924D49A008CBE1A /* Books.xml in Resources */ = {isa = PBXBuildFile; fileRef = C105AB212924D499008CBE1A /* Books.xml */; };
		C105AB262924D77F008CBE1A /* News.xml in Resources */ = {isa = PBXBuildFile; fileRef = C105AB252924D77F008CBE1A /* News.xml */; };
		C1934D36292B651C009B9613 /* HighLowCell.swift in Sources */ = {isa = PBXBuildFile; fileRef = C1934D35292B651C009B9613 /* HighLowCell.swift */; };
		C1934D38292B70D7009B9613 /* FirstHeaderView.xib in Resources */ = {isa = PBXBuildFile; fileRef = C1934D37292B70D7009B9613 /* FirstHeaderView.xib */; };
		C1934D3C292B7D88009B9613 /* DetailsMarketController.swift in Sources */ = {isa = PBXBuildFile; fileRef = C1934D3B292B7D88009B9613 /* DetailsMarketController.swift */; };
		C1934D3E292B81CC009B9613 /* DetailsMarketCell.swift in Sources */ = {isa = PBXBuildFile; fileRef = C1934D3D292B81CC009B9613 /* DetailsMarketCell.swift */; };
		C1944AF62924F9F2007AD218 /* HeadNewsCell.swift in Sources */ = {isa = PBXBuildFile; fileRef = C1944AF52924F9F2007AD218 /* HeadNewsCell.swift */; };
		C197B805292625F8002F3DE6 /* Alen Akif resume.pdf in Resources */ = {isa = PBXBuildFile; fileRef = C197B804292625F8002F3DE6 /* Alen Akif resume.pdf */; };
		C197B8072926276F002F3DE6 /* PDFViewController.swift in Sources */ = {isa = PBXBuildFile; fileRef = C197B8062926276F002F3DE6 /* PDFViewController.swift */; };
		C197B80D29263942002F3DE6 /* DetailsNewsController.swift in Sources */ = {isa = PBXBuildFile; fileRef = C197B80C29263942002F3DE6 /* DetailsNewsController.swift */; };
		C197B80F29266315002F3DE6 /* MarketCell.swift in Sources */ = {isa = PBXBuildFile; fileRef = C197B80E29266315002F3DE6 /* MarketCell.swift */; };
		C197B8112926632D002F3DE6 /* MarketViewController.swift in Sources */ = {isa = PBXBuildFile; fileRef = C197B8102926632D002F3DE6 /* MarketViewController.swift */; };
		C197B813292665F2002F3DE6 /* MarketsItem.swift in Sources */ = {isa = PBXBuildFile; fileRef = C197B812292665F2002F3DE6 /* MarketsItem.swift */; };
		C19F0ED3292E04B300239566 /* StartTabBarController.swift in Sources */ = {isa = PBXBuildFile; fileRef = C19F0ED2292E04B300239566 /* StartTabBarController.swift */; };
		C1A52BD22927C31A007949F9 /* SortStatus.swift in Sources */ = {isa = PBXBuildFile; fileRef = C1A52BD12927C31A007949F9 /* SortStatus.swift */; };
		C1C51E992923C3670092560E /* AppDelegate.swift in Sources */ = {isa = PBXBuildFile; fileRef = C1C51E982923C3670092560E /* AppDelegate.swift */; };
		C1C51E9B2923C3670092560E /* SceneDelegate.swift in Sources */ = {isa = PBXBuildFile; fileRef = C1C51E9A2923C3670092560E /* SceneDelegate.swift */; };
		C1C51E9D2923C3670092560E /* ViewController.swift in Sources */ = {isa = PBXBuildFile; fileRef = C1C51E9C2923C3670092560E /* ViewController.swift */; };
		C1C51EA02923C3670092560E /* Main.storyboard in Resources */ = {isa = PBXBuildFile; fileRef = C1C51E9E2923C3670092560E /* Main.storyboard */; };
		C1C51EA22923C36A0092560E /* Assets.xcassets in Resources */ = {isa = PBXBuildFile; fileRef = C1C51EA12923C36A0092560E /* Assets.xcassets */; };
		C1C51EA52923C36A0092560E /* LaunchScreen.storyboard in Resources */ = {isa = PBXBuildFile; fileRef = C1C51EA32923C36A0092560E /* LaunchScreen.storyboard */; };
		C1C51EAD2923D11D0092560E /* News.swift in Sources */ = {isa = PBXBuildFile; fileRef = C1C51EAC2923D11D0092560E /* News.swift */; };
		C1C51EB12923D96D0092560E /* NewsViewController.swift in Sources */ = {isa = PBXBuildFile; fileRef = C1C51EB02923D96D0092560E /* NewsViewController.swift */; };
		C1C51EB32923F1A00092560E /* NewsCell.swift in Sources */ = {isa = PBXBuildFile; fileRef = C1C51EB22923F1A00092560E /* NewsCell.swift */; };
/* End PBXBuildFile section */

/* Begin PBXFileReference section */
		C105AB212924D499008CBE1A /* Books.xml */ = {isa = PBXFileReference; fileEncoding = 4; lastKnownFileType = text.xml; name = Books.xml; path = ../../Books.xml; sourceTree = "<group>"; };
		C105AB252924D77F008CBE1A /* News.xml */ = {isa = PBXFileReference; fileEncoding = 4; lastKnownFileType = text.xml; name = News.xml; path = ../../News.xml; sourceTree = "<group>"; };
		C1934D35292B651C009B9613 /* HighLowCell.swift */ = {isa = PBXFileReference; lastKnownFileType = sourcecode.swift; path = HighLowCell.swift; sourceTree = "<group>"; };
		C1934D37292B70D7009B9613 /* FirstHeaderView.xib */ = {isa = PBXFileReference; lastKnownFileType = file.xib; path = FirstHeaderView.xib; sourceTree = "<group>"; };
		C1934D3B292B7D88009B9613 /* DetailsMarketController.swift */ = {isa = PBXFileReference; lastKnownFileType = sourcecode.swift; path = DetailsMarketController.swift; sourceTree = "<group>"; };
		C1934D3D292B81CC009B9613 /* DetailsMarketCell.swift */ = {isa = PBXFileReference; lastKnownFileType = sourcecode.swift; path = DetailsMarketCell.swift; sourceTree = "<group>"; };
		C1944AF52924F9F2007AD218 /* HeadNewsCell.swift */ = {isa = PBXFileReference; fileEncoding = 4; lastKnownFileType = sourcecode.swift; path = HeadNewsCell.swift; sourceTree = "<group>"; };
		C197B804292625F8002F3DE6 /* Alen Akif resume.pdf */ = {isa = PBXFileReference; lastKnownFileType = image.pdf; path = "Alen Akif resume.pdf"; sourceTree = "<group>"; };
		C197B8062926276F002F3DE6 /* PDFViewController.swift */ = {isa = PBXFileReference; lastKnownFileType = sourcecode.swift; path = PDFViewController.swift; sourceTree = "<group>"; };
		C197B80C29263942002F3DE6 /* DetailsNewsController.swift */ = {isa = PBXFileReference; lastKnownFileType = sourcecode.swift; path = DetailsNewsController.swift; sourceTree = "<group>"; };
		C197B80E29266315002F3DE6 /* MarketCell.swift */ = {isa = PBXFileReference; lastKnownFileType = sourcecode.swift; path = MarketCell.swift; sourceTree = "<group>"; };
		C197B8102926632D002F3DE6 /* MarketViewController.swift */ = {isa = PBXFileReference; lastKnownFileType = sourcecode.swift; path = MarketViewController.swift; sourceTree = "<group>"; };
		C197B812292665F2002F3DE6 /* MarketsItem.swift */ = {isa = PBXFileReference; lastKnownFileType = sourcecode.swift; path = MarketsItem.swift; sourceTree = "<group>"; };
		C19F0ED2292E04B300239566 /* StartTabBarController.swift */ = {isa = PBXFileReference; lastKnownFileType = sourcecode.swift; path = StartTabBarController.swift; sourceTree = "<group>"; };
		C1A52BD12927C31A007949F9 /* SortStatus.swift */ = {isa = PBXFileReference; lastKnownFileType = sourcecode.swift; path = SortStatus.swift; sourceTree = "<group>"; };
		C1C51E952923C3670092560E /* Test Project.app */ = {isa = PBXFileReference; explicitFileType = wrapper.application; includeInIndex = 0; path = "Test Project.app"; sourceTree = BUILT_PRODUCTS_DIR; };
		C1C51E982923C3670092560E /* AppDelegate.swift */ = {isa = PBXFileReference; lastKnownFileType = sourcecode.swift; path = AppDelegate.swift; sourceTree = "<group>"; };
		C1C51E9A2923C3670092560E /* SceneDelegate.swift */ = {isa = PBXFileReference; lastKnownFileType = sourcecode.swift; path = SceneDelegate.swift; sourceTree = "<group>"; };
		C1C51E9C2923C3670092560E /* ViewController.swift */ = {isa = PBXFileReference; lastKnownFileType = sourcecode.swift; path = ViewController.swift; sourceTree = "<group>"; };
		C1C51E9F2923C3670092560E /* Base */ = {isa = PBXFileReference; lastKnownFileType = file.storyboard; name = Base; path = Base.lproj/Main.storyboard; sourceTree = "<group>"; };
		C1C51EA12923C36A0092560E /* Assets.xcassets */ = {isa = PBXFileReference; lastKnownFileType = folder.assetcatalog; path = Assets.xcassets; sourceTree = "<group>"; };
		C1C51EA42923C36A0092560E /* Base */ = {isa = PBXFileReference; lastKnownFileType = file.storyboard; name = Base; path = Base.lproj/LaunchScreen.storyboard; sourceTree = "<group>"; };
		C1C51EA62923C36A0092560E /* Info.plist */ = {isa = PBXFileReference; lastKnownFileType = text.plist.xml; path = Info.plist; sourceTree = "<group>"; };
		C1C51EAC2923D11D0092560E /* News.swift */ = {isa = PBXFileReference; lastKnownFileType = sourcecode.swift; path = News.swift; sourceTree = "<group>"; };
		C1C51EB02923D96D0092560E /* NewsViewController.swift */ = {isa = PBXFileReference; lastKnownFileType = sourcecode.swift; path = NewsViewController.swift; sourceTree = "<group>"; };
		C1C51EB22923F1A00092560E /* NewsCell.swift */ = {isa = PBXFileReference; lastKnownFileType = sourcecode.swift; path = NewsCell.swift; sourceTree = "<group>"; };
/* End PBXFileReference section */

/* Begin PBXFrameworksBuildPhase section */
		C1C51E922923C3670092560E /* Frameworks */ = {
			isa = PBXFrameworksBuildPhase;
			buildActionMask = 2147483647;
			files = (
			);
			runOnlyForDeploymentPostprocessing = 0;
		};
/* End PBXFrameworksBuildPhase section */

/* Begin PBXGroup section */
		C1C51E8C2923C3670092560E = {
			isa = PBXGroup;
			children = (
				C1C51E972923C3670092560E /* Test Project */,
				C1C51E962923C3670092560E /* Products */,
			);
			sourceTree = "<group>";
		};
		C1C51E962923C3670092560E /* Products */ = {
			isa = PBXGroup;
			children = (
				C1C51E952923C3670092560E /* Test Project.app */,
			);
			name = Products;
			sourceTree = "<group>";
		};
		C1C51E972923C3670092560E /* Test Project */ = {
			isa = PBXGroup;
			children = (
				C1C51E982923C3670092560E /* AppDelegate.swift */,
				C1C51EAC2923D11D0092560E /* News.swift */,
				C1C51EB02923D96D0092560E /* NewsViewController.swift */,
				C197B8102926632D002F3DE6 /* MarketViewController.swift */,
				C1C51E9A2923C3670092560E /* SceneDelegate.swift */,
				C1944AF52924F9F2007AD218 /* HeadNewsCell.swift */,
				C1C51E9C2923C3670092560E /* ViewController.swift */,
				C197B812292665F2002F3DE6 /* MarketsItem.swift */,
				C1A52BD12927C31A007949F9 /* SortStatus.swift */,
				C197B80E29266315002F3DE6 /* MarketCell.swift */,
				C1934D3D292B81CC009B9613 /* DetailsMarketCell.swift */,
				C19F0ED2292E04B300239566 /* StartTabBarController.swift */,
				C1934D3B292B7D88009B9613 /* DetailsMarketController.swift */,
				C197B80C29263942002F3DE6 /* DetailsNewsController.swift */,
				C1934D37292B70D7009B9613 /* FirstHeaderView.xib */,
				C197B8062926276F002F3DE6 /* PDFViewController.swift */,
				C1934D35292B651C009B9613 /* HighLowCell.swift */,
				C1C51EB22923F1A00092560E /* NewsCell.swift */,
				C1C51E9E2923C3670092560E /* Main.storyboard */,
				C1C51EA12923C36A0092560E /* Assets.xcassets */,
				C1C51EA32923C36A0092560E /* LaunchScreen.storyboard */,
				C1C51EA62923C36A0092560E /* Info.plist */,
				C105AB212924D499008CBE1A /* Books.xml */,
				C105AB252924D77F008CBE1A /* News.xml */,
				C197B804292625F8002F3DE6 /* Alen Akif resume.pdf */,
			);
			path = "Test Project";
			sourceTree = "<group>";
		};
/* End PBXGroup section */

/* Begin PBXNativeTarget section */
		C1C51E942923C3670092560E /* Test Project */ = {
			isa = PBXNativeTarget;
			buildConfigurationList = C1C51EA92923C36A0092560E /* Build configuration list for PBXNativeTarget "Test Project" */;
			buildPhases = (
				C1C51E912923C3670092560E /* Sources */,
				C1C51E922923C3670092560E /* Frameworks */,
				C1C51E932923C3670092560E /* Resources */,
			);
			buildRules = (
			);
			dependencies = (
			);
			name = "Test Project";
			productName = "Test Project";
			productReference = C1C51E952923C3670092560E /* Test Project.app */;
			productType = "com.apple.product-type.application";
		};
/* End PBXNativeTarget section */

/* Begin PBXProject section */
		C1C51E8D2923C3670092560E /* Project object */ = {
			isa = PBXProject;
			attributes = {
				BuildIndependentTargetsInParallel = 1;
				LastSwiftUpdateCheck = 1400;
				LastUpgradeCheck = 1400;
				TargetAttributes = {
					C1C51E942923C3670092560E = {
						CreatedOnToolsVersion = 14.0.1;
					};
				};
			};
			buildConfigurationList = C1C51E902923C3670092560E /* Build configuration list for PBXProject "Test Project" */;
			compatibilityVersion = "Xcode 14.0";
			developmentRegion = en;
			hasScannedForEncodings = 0;
			knownRegions = (
				en,
				Base,
			);
			mainGroup = C1C51E8C2923C3670092560E;
			productRefGroup = C1C51E962923C3670092560E /* Products */;
			projectDirPath = "";
			projectRoot = "";
			targets = (
				C1C51E942923C3670092560E /* Test Project */,
			);
		};
/* End PBXProject section */

/* Begin PBXResourcesBuildPhase section */
		C1C51E932923C3670092560E /* Resources */ = {
			isa = PBXResourcesBuildPhase;
			buildActionMask = 2147483647;
			files = (
				C1C51EA52923C36A0092560E /* LaunchScreen.storyboard in Resources */,
				C1C51EA22923C36A0092560E /* Assets.xcassets in Resources */,
				C105AB262924D77F008CBE1A /* News.xml in Resources */,
				C105AB222924D49A008CBE1A /* Books.xml in Resources */,
				C197B805292625F8002F3DE6 /* Alen Akif resume.pdf in Resources */,
				C1934D38292B70D7009B9613 /* FirstHeaderView.xib in Resources */,
				C1C51EA02923C3670092560E /* Main.storyboard in Resources */,
			);
			runOnlyForDeploymentPostprocessing = 0;
		};
/* End PBXResourcesBuildPhase section */

/* Begin PBXSourcesBuildPhase section */
		C1C51E912923C3670092560E /* Sources */ = {
			isa = PBXSourcesBuildPhase;
			buildActionMask = 2147483647;
			files = (
				C1934D36292B651C009B9613 /* HighLowCell.swift in Sources */,
				C1934D3C292B7D88009B9613 /* DetailsMarketController.swift in Sources */,
				C1C51E9D2923C3670092560E /* ViewController.swift in Sources */,
				C19F0ED3292E04B300239566 /* StartTabBarController.swift in Sources */,
				C1C51E992923C3670092560E /* AppDelegate.swift in Sources */,
				C1C51EAD2923D11D0092560E /* News.swift in Sources */,
				C197B80F29266315002F3DE6 /* MarketCell.swift in Sources */,
				C197B8072926276F002F3DE6 /* PDFViewController.swift in Sources */,
				C197B80D29263942002F3DE6 /* DetailsNewsController.swift in Sources */,
				C1C51EB12923D96D0092560E /* NewsViewController.swift in Sources */,
				C197B8112926632D002F3DE6 /* MarketViewController.swift in Sources */,
				C1944AF62924F9F2007AD218 /* HeadNewsCell.swift in Sources */,
				C1A52BD22927C31A007949F9 /* SortStatus.swift in Sources */,
				C1934D3E292B81CC009B9613 /* DetailsMarketCell.swift in Sources */,
				C1C51EB32923F1A00092560E /* NewsCell.swift in Sources */,
				C197B813292665F2002F3DE6 /* MarketsItem.swift in Sources */,
				C1C51E9B2923C3670092560E /* SceneDelegate.swift in Sources */,
			);
			runOnlyForDeploymentPostprocessing = 0;
		};
/* End PBXSourcesBuildPhase section */

/* Begin PBXVariantGroup section */
		C1C51E9E2923C3670092560E /* Main.storyboard */ = {
			isa = PBXVariantGroup;
			children = (
				C1C51E9F2923C3670092560E /* Base */,
			);
			name = Main.storyboard;
			sourceTree = "<group>";
		};
		C1C51EA32923C36A0092560E /* LaunchScreen.storyboard */ = {
			isa = PBXVariantGroup;
			children = (
				C1C51EA42923C36A0092560E /* Base */,
			);
			name = LaunchScreen.storyboard;
			sourceTree = "<group>";
		};
/* End PBXVariantGroup section */

/* Begin XCBuildConfiguration section */
		C1C51EA72923C36A0092560E /* Debug */ = {
			isa = XCBuildConfiguration;
			buildSettings = {
				ALWAYS_SEARCH_USER_PATHS = NO;
				CLANG_ANALYZER_NONNULL = YES;
				CLANG_ANALYZER_NUMBER_OBJECT_CONVERSION = YES_AGGRESSIVE;
				CLANG_CXX_LANGUAGE_STANDARD = "gnu++20";
				CLANG_ENABLE_MODULES = YES;
				CLANG_ENABLE_OBJC_ARC = YES;
				CLANG_ENABLE_OBJC_WEAK = YES;
				CLANG_WARN_BLOCK_CAPTURE_AUTORELEASING = YES;
				CLANG_WARN_BOOL_CONVERSION = YES;
				CLANG_WARN_COMMA = YES;
				CLANG_WARN_CONSTANT_CONVERSION = YES;
				CLANG_WARN_DEPRECATED_OBJC_IMPLEMENTATIONS = YES;
				CLANG_WARN_DIRECT_OBJC_ISA_USAGE = YES_ERROR;
				CLANG_WARN_DOCUMENTATION_COMMENTS = YES;
				CLANG_WARN_EMPTY_BODY = YES;
				CLANG_WARN_ENUM_CONVERSION = YES;
				CLANG_WARN_INFINITE_RECURSION = YES;
				CLANG_WARN_INT_CONVERSION = YES;
				CLANG_WARN_NON_LITERAL_NULL_CONVERSION = YES;
				CLANG_WARN_OBJC_IMPLICIT_RETAIN_SELF = YES;
				CLANG_WARN_OBJC_LITERAL_CONVERSION = YES;
				CLANG_WARN_OBJC_ROOT_CLASS = YES_ERROR;
				CLANG_WARN_QUOTED_INCLUDE_IN_FRAMEWORK_HEADER = YES;
				CLANG_WARN_RANGE_LOOP_ANALYSIS = YES;
				CLANG_WARN_STRICT_PROTOTYPES = YES;
				CLANG_WARN_SUSPICIOUS_MOVE = YES;
				CLANG_WARN_UNGUARDED_AVAILABILITY = YES_AGGRESSIVE;
				CLANG_WARN_UNREACHABLE_CODE = YES;
				CLANG_WARN__DUPLICATE_METHOD_MATCH = YES;
				COPY_PHASE_STRIP = NO;
				DEBUG_INFORMATION_FORMAT = dwarf;
				ENABLE_STRICT_OBJC_MSGSEND = YES;
				ENABLE_TESTABILITY = YES;
				GCC_C_LANGUAGE_STANDARD = gnu11;
				GCC_DYNAMIC_NO_PIC = NO;
				GCC_NO_COMMON_BLOCKS = YES;
				GCC_OPTIMIZATION_LEVEL = 0;
				GCC_PREPROCESSOR_DEFINITIONS = (
					"DEBUG=1",
					"$(inherited)",
				);
				GCC_WARN_64_TO_32_BIT_CONVERSION = YES;
				GCC_WARN_ABOUT_RETURN_TYPE = YES_ERROR;
				GCC_WARN_UNDECLARED_SELECTOR = YES;
				GCC_WARN_UNINITIALIZED_AUTOS = YES_AGGRESSIVE;
				GCC_WARN_UNUSED_FUNCTION = YES;
				GCC_WARN_UNUSED_VARIABLE = YES;
				IPHONEOS_DEPLOYMENT_TARGET = 15.4;
				MTL_ENABLE_DEBUG_INFO = INCLUDE_SOURCE;
				MTL_FAST_MATH = YES;
				ONLY_ACTIVE_ARCH = YES;
				SDKROOT = iphoneos;
				SWIFT_ACTIVE_COMPILATION_CONDITIONS = DEBUG;
				SWIFT_OPTIMIZATION_LEVEL = "-Onone";
			};
			name = Debug;
		};
		C1C51EA82923C36A0092560E /* Release */ = {
			isa = XCBuildConfiguration;
			buildSettings = {
				ALWAYS_SEARCH_USER_PATHS = NO;
				CLANG_ANALYZER_NONNULL = YES;
				CLANG_ANALYZER_NUMBER_OBJECT_CONVERSION = YES_AGGRESSIVE;
				CLANG_CXX_LANGUAGE_STANDARD = "gnu++20";
				CLANG_ENABLE_MODULES = YES;
				CLANG_ENABLE_OBJC_ARC = YES;
				CLANG_ENABLE_OBJC_WEAK = YES;
				CLANG_WARN_BLOCK_CAPTURE_AUTORELEASING = YES;
				CLANG_WARN_BOOL_CONVERSION = YES;
				CLANG_WARN_COMMA = YES;
				CLANG_WARN_CONSTANT_CONVERSION = YES;
				CLANG_WARN_DEPRECATED_OBJC_IMPLEMENTATIONS = YES;
				CLANG_WARN_DIRECT_OBJC_ISA_USAGE = YES_ERROR;
				CLANG_WARN_DOCUMENTATION_COMMENTS = YES;
				CLANG_WARN_EMPTY_BODY = YES;
				CLANG_WARN_ENUM_CONVERSION = YES;
				CLANG_WARN_INFINITE_RECURSION = YES;
				CLANG_WARN_INT_CONVERSION = YES;
				CLANG_WARN_NON_LITERAL_NULL_CONVERSION = YES;
				CLANG_WARN_OBJC_IMPLICIT_RETAIN_SELF = YES;
				CLANG_WARN_OBJC_LITERAL_CONVERSION = YES;
				CLANG_WARN_OBJC_ROOT_CLASS = YES_ERROR;
				CLANG_WARN_QUOTED_INCLUDE_IN_FRAMEWORK_HEADER = YES;
				CLANG_WARN_RANGE_LOOP_ANALYSIS = YES;
				CLANG_WARN_STRICT_PROTOTYPES = YES;
				CLANG_WARN_SUSPICIOUS_MOVE = YES;
				CLANG_WARN_UNGUARDED_AVAILABILITY = YES_AGGRESSIVE;
				CLANG_WARN_UNREACHABLE_CODE = YES;
				CLANG_WARN__DUPLICATE_METHOD_MATCH = YES;
				COPY_PHASE_STRIP = NO;
				DEBUG_INFORMATION_FORMAT = "dwarf-with-dsym";
				ENABLE_NS_ASSERTIONS = NO;
				ENABLE_STRICT_OBJC_MSGSEND = YES;
				GCC_C_LANGUAGE_STANDARD = gnu11;
				GCC_NO_COMMON_BLOCKS = YES;
				GCC_WARN_64_TO_32_BIT_CONVERSION = YES;
				GCC_WARN_ABOUT_RETURN_TYPE = YES_ERROR;
				GCC_WARN_UNDECLARED_SELECTOR = YES;
				GCC_WARN_UNINITIALIZED_AUTOS = YES_AGGRESSIVE;
				GCC_WARN_UNUSED_FUNCTION = YES;
				GCC_WARN_UNUSED_VARIABLE = YES;
				IPHONEOS_DEPLOYMENT_TARGET = 15.4;
				MTL_ENABLE_DEBUG_INFO = NO;
				MTL_FAST_MATH = YES;
				SDKROOT = iphoneos;
				SWIFT_COMPILATION_MODE = wholemodule;
				SWIFT_OPTIMIZATION_LEVEL = "-O";
				VALIDATE_PRODUCT = YES;
			};
			name = Release;
		};
		C1C51EAA2923C36A0092560E /* Debug */ = {
			isa = XCBuildConfiguration;
			buildSettings = {
				ASSETCATALOG_COMPILER_APPICON_NAME = AppIcon;
				ASSETCATALOG_COMPILER_GLOBAL_ACCENT_COLOR_NAME = AccentColor;
				CODE_SIGN_STYLE = Automatic;
				CURRENT_PROJECT_VERSION = 1;
				DEVELOPMENT_TEAM = BCQ6B32XVU;
				GENERATE_INFOPLIST_FILE = YES;
				INFOPLIST_FILE = "Test Project/Info.plist";
				INFOPLIST_KEY_UIApplicationSupportsIndirectInputEvents = YES;
				INFOPLIST_KEY_UILaunchStoryboardName = LaunchScreen;
				INFOPLIST_KEY_UIMainStoryboardFile = Main;
				INFOPLIST_KEY_UISupportedInterfaceOrientations_iPad = "UIInterfaceOrientationPortrait UIInterfaceOrientationPortraitUpsideDown UIInterfaceOrientationLandscapeLeft UIInterfaceOrientationLandscapeRight";
				INFOPLIST_KEY_UISupportedInterfaceOrientations_iPhone = "UIInterfaceOrientationPortrait UIInterfaceOrientationLandscapeLeft UIInterfaceOrientationLandscapeRight";
				LD_RUNPATH_SEARCH_PATHS = (
					"$(inherited)",
					"@executable_path/Frameworks",
				);
				MARKETING_VERSION = 1.0;
				PRODUCT_BUNDLE_IDENTIFIER = "com.alen.Test-Project";
				PRODUCT_NAME = "$(TARGET_NAME)";
				SWIFT_EMIT_LOC_STRINGS = YES;
				SWIFT_VERSION = 5.0;
				TARGETED_DEVICE_FAMILY = "1,2";
			};
			name = Debug;
		};
		C1C51EAB2923C36A0092560E /* Release */ = {
			isa = XCBuildConfiguration;
			buildSettings = {
				ASSETCATALOG_COMPILER_APPICON_NAME = AppIcon;
				ASSETCATALOG_COMPILER_GLOBAL_ACCENT_COLOR_NAME = AccentColor;
				CODE_SIGN_STYLE = Automatic;
				CURRENT_PROJECT_VERSION = 1;
				DEVELOPMENT_TEAM = BCQ6B32XVU;
				GENERATE_INFOPLIST_FILE = YES;
				INFOPLIST_FILE = "Test Project/Info.plist";
				INFOPLIST_KEY_UIApplicationSupportsIndirectInputEvents = YES;
				INFOPLIST_KEY_UILaunchStoryboardName = LaunchScreen;
				INFOPLIST_KEY_UIMainStoryboardFile = Main;
				INFOPLIST_KEY_UISupportedInterfaceOrientations_iPad = "UIInterfaceOrientationPortrait UIInterfaceOrientationPortraitUpsideDown UIInterfaceOrientationLandscapeLeft UIInterfaceOrientationLandscapeRight";
				INFOPLIST_KEY_UISupportedInterfaceOrientations_iPhone = "UIInterfaceOrientationPortrait UIInterfaceOrientationLandscapeLeft UIInterfaceOrientationLandscapeRight";
				LD_RUNPATH_SEARCH_PATHS = (
					"$(inherited)",
					"@executable_path/Frameworks",
				);
				MARKETING_VERSION = 1.0;
				PRODUCT_BUNDLE_IDENTIFIER = "com.alen.Test-Project";
				PRODUCT_NAME = "$(TARGET_NAME)";
				SWIFT_EMIT_LOC_STRINGS = YES;
				SWIFT_VERSION = 5.0;
				TARGETED_DEVICE_FAMILY = "1,2";
			};
			name = Release;
		};
/* End XCBuildConfiguration section */

/* Begin XCConfigurationList section */
		C1C51E902923C3670092560E /* Build configuration list for PBXProject "Test Project" */ = {
			isa = XCConfigurationList;
			buildConfigurations = (
				C1C51EA72923C36A0092560E /* Debug */,
				C1C51EA82923C36A0092560E /* Release */,
			);
			defaultConfigurationIsVisible = 0;
			defaultConfigurationName = Release;
		};
		C1C51EA92923C36A0092560E /* Build configuration list for PBXNativeTarget "Test Project" */ = {
			isa = XCConfigurationList;
			buildConfigurations = (
				C1C51EAA2923C36A0092560E /* Debug */,
				C1C51EAB2923C36A0092560E /* Release */,
			);
			defaultConfigurationIsVisible = 0;
			defaultConfigurationName = Release;
		};
/* End XCConfigurationList section */
	};
	rootObject = C1C51E8D2923C3670092560E /* Project object */;
}
